{
  "name": "b1a895b6e0875d50",
  "lockfileVersion": 3,
  "requires": true,
  "packages": {
    "": {
      "dependencies": {
        "create-vite-init": "^1.0.33"
      }
    },
    "node_modules/create-vite-init": {
      "version": "1.0.33",
      "resolved": "https://registry.npmjs.org/create-vite-init/-/create-vite-init-1.0.33.tgz",
      "integrity": "sha512-XhZMbuQd+hx7god8MjFhnm6kF6ka32WEFWOBHG2DXITSOFabT0v2Qx9jEZFbAk4WmB9ZFej590quECTe+2jzJA==",
      "license": "MIT",
      "bin": {
        "create-vite-init": "index.js",
        "cva": "index.js"
      },
      "engines": {
        "node": "^18.0.0 || ^20.0.0 || >=22.0.0"
      },
      "funding": {
        "url": "https://github.com/vitejs/vite?sponsor=1"
      }
    }
  }
}
